// !$*UTF8*$!
{
	archiveVersion = 1;
	classes = {
	};
	objectVersion = 56;
	objects = {

/* Begin PBXBuildFile section */
		045039D02C8F24260021726A /* GoogleSignInSwift in Frameworks */ = {isa = PBXBuildFile; productRef = 045039CF2C8F24260021726A /* GoogleSignInSwift */; };
		0495C2F52C8EF00F000967E5 /* Alamofire in Frameworks */ = {isa = PBXBuildFile; productRef = 0495C2F42C8EF00F000967E5 /* Alamofire */; };
		0495C2F72C8EF01D000967E5 /* GoogleSignIn in Frameworks */ = {isa = PBXBuildFile; productRef = 0495C2F62C8EF01D000967E5 /* GoogleSignIn */; };
		0495C2F92C8EF024000967E5 /* FirebaseAuth in Frameworks */ = {isa = PBXBuildFile; productRef = 0495C2F82C8EF024000967E5 /* FirebaseAuth */; };
		0495C2FB2C8EF032000967E5 /* FirebaseStorage in Frameworks */ = {isa = PBXBuildFile; productRef = 0495C2FA2C8EF032000967E5 /* FirebaseStorage */; };
		04CA394E2C8EDEB3004F865E /* GoogleService-Info.plist in Resources */ = {isa = PBXBuildFile; fileRef = 04CA394D2C8EDEB3004F865E /* GoogleService-Info.plist */; };
		1902A6AE2C8B20B600C4BA90 /* MobilyApp.swift in Sources */ = {isa = PBXBuildFile; fileRef = 1902A6AD2C8B20B600C4BA90 /* MobilyApp.swift */; };
		1902A6B02C8B20B600C4BA90 /* ContentView.swift in Sources */ = {isa = PBXBuildFile; fileRef = 1902A6AF2C8B20B600C4BA90 /* ContentView.swift */; };
		1902A6B22C8B20B800C4BA90 /* Assets.xcassets in Resources */ = {isa = PBXBuildFile; fileRef = 1902A6B12C8B20B800C4BA90 /* Assets.xcassets */; };
		1902A6B52C8B20B800C4BA90 /* Preview Assets.xcassets in Resources */ = {isa = PBXBuildFile; fileRef = 1902A6B42C8B20B800C4BA90 /* Preview Assets.xcassets */; };
		1902A6BF2C8B20B900C4BA90 /* MobilyTests.swift in Sources */ = {isa = PBXBuildFile; fileRef = 1902A6BE2C8B20B900C4BA90 /* MobilyTests.swift */; };
		1902A6C92C8B20B900C4BA90 /* MobilyUITests.swift in Sources */ = {isa = PBXBuildFile; fileRef = 1902A6C82C8B20B900C4BA90 /* MobilyUITests.swift */; };
		1902A6CB2C8B20B900C4BA90 /* MobilyUITestsLaunchTests.swift in Sources */ = {isa = PBXBuildFile; fileRef = 1902A6CA2C8B20B900C4BA90 /* MobilyUITestsLaunchTests.swift */; };
		1902A6DA2C8B21AB00C4BA90 /* BugSubmissionView.swift in Sources */ = {isa = PBXBuildFile; fileRef = 1902A6D92C8B21AB00C4BA90 /* BugSubmissionView.swift */; };
		1902A6DE2C8B2AFF00C4BA90 /* ImagePicker.swift in Sources */ = {isa = PBXBuildFile; fileRef = 1902A6DD2C8B2AFF00C4BA90 /* ImagePicker.swift */; };
		1902A6E02C8B2C6E00C4BA90 /* BugSubmissionViewModel.swift in Sources */ = {isa = PBXBuildFile; fileRef = 1902A6DF2C8B2C6E00C4BA90 /* BugSubmissionViewModel.swift */; };
		1902A6E22C8B2EB000C4BA90 /* Extentions.swift in Sources */ = {isa = PBXBuildFile; fileRef = 1902A6E12C8B2EB000C4BA90 /* Extentions.swift */; };
		1902A6E92C8B2F4800C4BA90 /* LamaSans-Bold.ttf in Resources */ = {isa = PBXBuildFile; fileRef = 1902A6E42C8B2F4600C4BA90 /* LamaSans-Bold.ttf */; };
		1902A6EB2C8B2F4800C4BA90 /* LamaSans-Medium.ttf in Resources */ = {isa = PBXBuildFile; fileRef = 1902A6E62C8B2F4700C4BA90 /* LamaSans-Medium.ttf */; };
		1902A6EC2C8B2F4800C4BA90 /* LamaSans-Regular.ttf in Resources */ = {isa = PBXBuildFile; fileRef = 1902A6E72C8B2F4700C4BA90 /* LamaSans-Regular.ttf */; };
		1902A6F02C8B351100C4BA90 /* Shape.swift in Sources */ = {isa = PBXBuildFile; fileRef = 1902A6EF2C8B351100C4BA90 /* Shape.swift */; };
		196A233A2C8CE2E600EE57A3 /* client_835428604547-4ai1b21v87uc88or1n783a6gjtlbvv3v.apps.googleusercontent.com.plist in Resources */ = {isa = PBXBuildFile; fileRef = 196A23392C8CE2E500EE57A3 /* client_835428604547-4ai1b21v87uc88or1n783a6gjtlbvv3v.apps.googleusercontent.com.plist */; };
/* End PBXBuildFile section */

/* Begin PBXContainerItemProxy section */
		1902A6BB2C8B20B900C4BA90 /* PBXContainerItemProxy */ = {
			isa = PBXContainerItemProxy;
			containerPortal = 1902A6A22C8B20B600C4BA90 /* Project object */;
			proxyType = 1;
			remoteGlobalIDString = 1902A6A92C8B20B600C4BA90;
			remoteInfo = Mobily;
		};
		1902A6C52C8B20B900C4BA90 /* PBXContainerItemProxy */ = {
			isa = PBXContainerItemProxy;
			containerPortal = 1902A6A22C8B20B600C4BA90 /* Project object */;
			proxyType = 1;
			remoteGlobalIDString = 1902A6A92C8B20B600C4BA90;
			remoteInfo = Mobily;
		};
/* End PBXContainerItemProxy section */

/* Begin PBXFileReference section */
		04CA394D2C8EDEB3004F865E /* GoogleService-Info.plist */ = {isa = PBXFileReference; fileEncoding = 4; lastKnownFileType = text.plist.xml; path = "GoogleService-Info.plist"; sourceTree = "<group>"; };
		1902A6AA2C8B20B600C4BA90 /* Mobily.app */ = {isa = PBXFileReference; explicitFileType = wrapper.application; includeInIndex = 0; path = Mobily.app; sourceTree = BUILT_PRODUCTS_DIR; };
		1902A6AD2C8B20B600C4BA90 /* MobilyApp.swift */ = {isa = PBXFileReference; lastKnownFileType = sourcecode.swift; path = MobilyApp.swift; sourceTree = "<group>"; };
		1902A6AF2C8B20B600C4BA90 /* ContentView.swift */ = {isa = PBXFileReference; lastKnownFileType = sourcecode.swift; path = ContentView.swift; sourceTree = "<group>"; };
		1902A6B12C8B20B800C4BA90 /* Assets.xcassets */ = {isa = PBXFileReference; lastKnownFileType = folder.assetcatalog; path = Assets.xcassets; sourceTree = "<group>"; };
		1902A6B42C8B20B800C4BA90 /* Preview Assets.xcassets */ = {isa = PBXFileReference; lastKnownFileType = folder.assetcatalog; path = "Preview Assets.xcassets"; sourceTree = "<group>"; };
		1902A6BA2C8B20B900C4BA90 /* MobilyTests.xctest */ = {isa = PBXFileReference; explicitFileType = wrapper.cfbundle; includeInIndex = 0; path = MobilyTests.xctest; sourceTree = BUILT_PRODUCTS_DIR; };
		1902A6BE2C8B20B900C4BA90 /* MobilyTests.swift */ = {isa = PBXFileReference; lastKnownFileType = sourcecode.swift; path = MobilyTests.swift; sourceTree = "<group>"; };
		1902A6C42C8B20B900C4BA90 /* MobilyUITests.xctest */ = {isa = PBXFileReference; explicitFileType = wrapper.cfbundle; includeInIndex = 0; path = MobilyUITests.xctest; sourceTree = BUILT_PRODUCTS_DIR; };
		1902A6C82C8B20B900C4BA90 /* MobilyUITests.swift */ = {isa = PBXFileReference; lastKnownFileType = sourcecode.swift; path = MobilyUITests.swift; sourceTree = "<group>"; };
		1902A6CA2C8B20B900C4BA90 /* MobilyUITestsLaunchTests.swift */ = {isa = PBXFileReference; lastKnownFileType = sourcecode.swift; path = MobilyUITestsLaunchTests.swift; sourceTree = "<group>"; };
		1902A6D92C8B21AB00C4BA90 /* BugSubmissionView.swift */ = {isa = PBXFileReference; lastKnownFileType = sourcecode.swift; path = BugSubmissionView.swift; sourceTree = "<group>"; };
		1902A6DD2C8B2AFF00C4BA90 /* ImagePicker.swift */ = {isa = PBXFileReference; lastKnownFileType = sourcecode.swift; path = ImagePicker.swift; sourceTree = "<group>"; };
		1902A6DF2C8B2C6E00C4BA90 /* BugSubmissionViewModel.swift */ = {isa = PBXFileReference; lastKnownFileType = sourcecode.swift; path = BugSubmissionViewModel.swift; sourceTree = "<group>"; };
		1902A6E12C8B2EB000C4BA90 /* Extentions.swift */ = {isa = PBXFileReference; lastKnownFileType = sourcecode.swift; path = Extentions.swift; sourceTree = "<group>"; };
		1902A6E42C8B2F4600C4BA90 /* LamaSans-Bold.ttf */ = {isa = PBXFileReference; lastKnownFileType = file; path = "LamaSans-Bold.ttf"; sourceTree = "<group>"; };
		1902A6E62C8B2F4700C4BA90 /* LamaSans-Medium.ttf */ = {isa = PBXFileReference; lastKnownFileType = file; path = "LamaSans-Medium.ttf"; sourceTree = "<group>"; };
		1902A6E72C8B2F4700C4BA90 /* LamaSans-Regular.ttf */ = {isa = PBXFileReference; lastKnownFileType = file; path = "LamaSans-Regular.ttf"; sourceTree = "<group>"; };
		1902A6EE2C8B2FDA00C4BA90 /* Info.plist */ = {isa = PBXFileReference; lastKnownFileType = text.plist; path = Info.plist; sourceTree = "<group>"; };
		1902A6EF2C8B351100C4BA90 /* Shape.swift */ = {isa = PBXFileReference; lastKnownFileType = sourcecode.swift; path = Shape.swift; sourceTree = "<group>"; };
		196A23392C8CE2E500EE57A3 /* client_835428604547-4ai1b21v87uc88or1n783a6gjtlbvv3v.apps.googleusercontent.com.plist */ = {isa = PBXFileReference; fileEncoding = 4; lastKnownFileType = text.plist.xml; path = "client_835428604547-4ai1b21v87uc88or1n783a6gjtlbvv3v.apps.googleusercontent.com.plist"; sourceTree = "<group>"; };
/* End PBXFileReference section */

/* Begin PBXFrameworksBuildPhase section */
		1902A6A72C8B20B600C4BA90 /* Frameworks */ = {
			isa = PBXFrameworksBuildPhase;
			buildActionMask = 2147483647;
			files = (
				045039D02C8F24260021726A /* GoogleSignInSwift in Frameworks */,
				0495C2F52C8EF00F000967E5 /* Alamofire in Frameworks */,
				0495C2FB2C8EF032000967E5 /* FirebaseStorage in Frameworks */,
				0495C2F92C8EF024000967E5 /* FirebaseAuth in Frameworks */,
				0495C2F72C8EF01D000967E5 /* GoogleSignIn in Frameworks */,
			);
			runOnlyForDeploymentPostprocessing = 0;
		};
		1902A6B72C8B20B900C4BA90 /* Frameworks */ = {
			isa = PBXFrameworksBuildPhase;
			buildActionMask = 2147483647;
			files = (
			);
			runOnlyForDeploymentPostprocessing = 0;
		};
		1902A6C12C8B20B900C4BA90 /* Frameworks */ = {
			isa = PBXFrameworksBuildPhase;
			buildActionMask = 2147483647;
			files = (
			);
			runOnlyForDeploymentPostprocessing = 0;
		};
/* End PBXFrameworksBuildPhase section */

/* Begin PBXGroup section */
		1902A6A12C8B20B600C4BA90 = {
			isa = PBXGroup;
			children = (
				1902A6AC2C8B20B600C4BA90 /* Mobily */,
				1902A6BD2C8B20B900C4BA90 /* MobilyTests */,
				1902A6C72C8B20B900C4BA90 /* MobilyUITests */,
				1902A6AB2C8B20B600C4BA90 /* Products */,
				196A23282C8C821D00EE57A3 /* Frameworks */,
			);
			sourceTree = "<group>";
		};
		1902A6AB2C8B20B600C4BA90 /* Products */ = {
			isa = PBXGroup;
			children = (
				1902A6AA2C8B20B600C4BA90 /* Mobily.app */,
				1902A6BA2C8B20B900C4BA90 /* MobilyTests.xctest */,
				1902A6C42C8B20B900C4BA90 /* MobilyUITests.xctest */,
			);
			name = Products;
			sourceTree = "<group>";
		};
		1902A6AC2C8B20B600C4BA90 /* Mobily */ = {
			isa = PBXGroup;
			children = (
				196A23392C8CE2E500EE57A3 /* client_835428604547-4ai1b21v87uc88or1n783a6gjtlbvv3v.apps.googleusercontent.com.plist */,
				04CA394D2C8EDEB3004F865E /* GoogleService-Info.plist */,
				1902A6EE2C8B2FDA00C4BA90 /* Info.plist */,
				1902A6AD2C8B20B600C4BA90 /* MobilyApp.swift */,
				1902A6AF2C8B20B600C4BA90 /* ContentView.swift */,
				1902A6D72C8B219400C4BA90 /* BugSubmission */,
				1902A6DB2C8B21DE00C4BA90 /* File Support */,
				1902A6E32C8B2EFD00C4BA90 /* Fonts */,
				1902A6B12C8B20B800C4BA90 /* Assets.xcassets */,
				1902A6B32C8B20B800C4BA90 /* Preview Content */,
			);
			path = Mobily;
			sourceTree = "<group>";
		};
		1902A6B32C8B20B800C4BA90 /* Preview Content */ = {
			isa = PBXGroup;
			children = (
				1902A6B42C8B20B800C4BA90 /* Preview Assets.xcassets */,
			);
			path = "Preview Content";
			sourceTree = "<group>";
		};
		1902A6BD2C8B20B900C4BA90 /* MobilyTests */ = {
			isa = PBXGroup;
			children = (
				1902A6BE2C8B20B900C4BA90 /* MobilyTests.swift */,
			);
			path = MobilyTests;
			sourceTree = "<group>";
		};
		1902A6C72C8B20B900C4BA90 /* MobilyUITests */ = {
			isa = PBXGroup;
			children = (
				1902A6C82C8B20B900C4BA90 /* MobilyUITests.swift */,
				1902A6CA2C8B20B900C4BA90 /* MobilyUITestsLaunchTests.swift */,
			);
			path = MobilyUITests;
			sourceTree = "<group>";
		};
		1902A6D72C8B219400C4BA90 /* BugSubmission */ = {
			isa = PBXGroup;
			children = (
				1902A6DC2C8B225400C4BA90 /* ViewModel */,
				1902A6D82C8B219E00C4BA90 /* View */,
			);
			path = BugSubmission;
			sourceTree = "<group>";
		};
		1902A6D82C8B219E00C4BA90 /* View */ = {
			isa = PBXGroup;
			children = (
				1902A6D92C8B21AB00C4BA90 /* BugSubmissionView.swift */,
			);
			path = View;
			sourceTree = "<group>";
		};
		1902A6DB2C8B21DE00C4BA90 /* File Support */ = {
			isa = PBXGroup;
			children = (
				1902A6DD2C8B2AFF00C4BA90 /* ImagePicker.swift */,
				1902A6E12C8B2EB000C4BA90 /* Extentions.swift */,
				1902A6EF2C8B351100C4BA90 /* Shape.swift */,
			);
			path = "File Support";
			sourceTree = "<group>";
		};
		1902A6DC2C8B225400C4BA90 /* ViewModel */ = {
			isa = PBXGroup;
			children = (
				1902A6DF2C8B2C6E00C4BA90 /* BugSubmissionViewModel.swift */,
			);
			path = ViewModel;
			sourceTree = "<group>";
		};
		1902A6E32C8B2EFD00C4BA90 /* Fonts */ = {
			isa = PBXGroup;
			children = (
				1902A6E42C8B2F4600C4BA90 /* LamaSans-Bold.ttf */,
				1902A6E62C8B2F4700C4BA90 /* LamaSans-Medium.ttf */,
				1902A6E72C8B2F4700C4BA90 /* LamaSans-Regular.ttf */,
			);
			path = Fonts;
			sourceTree = "<group>";
		};
		196A23282C8C821D00EE57A3 /* Frameworks */ = {
			isa = PBXGroup;
			children = (
			);
			name = Frameworks;
			sourceTree = "<group>";
		};
/* End PBXGroup section */

/* Begin PBXNativeTarget section */
		1902A6A92C8B20B600C4BA90 /* Mobily */ = {
			isa = PBXNativeTarget;
			buildConfigurationList = 1902A6CE2C8B20B900C4BA90 /* Build configuration list for PBXNativeTarget "Mobily" */;
			buildPhases = (
				1902A6A62C8B20B600C4BA90 /* Sources */,
				1902A6A72C8B20B600C4BA90 /* Frameworks */,
				1902A6A82C8B20B600C4BA90 /* Resources */,
			);
			buildRules = (
			);
			dependencies = (
			);
			name = Mobily;
			packageProductDependencies = (
				0495C2F42C8EF00F000967E5 /* Alamofire */,
				0495C2F62C8EF01D000967E5 /* GoogleSignIn */,
				0495C2F82C8EF024000967E5 /* FirebaseAuth */,
				0495C2FA2C8EF032000967E5 /* FirebaseStorage */,
				045039CF2C8F24260021726A /* GoogleSignInSwift */,
			);
			productName = Mobily;
			productReference = 1902A6AA2C8B20B600C4BA90 /* Mobily.app */;
			productType = "com.apple.product-type.application";
		};
		1902A6B92C8B20B900C4BA90 /* MobilyTests */ = {
			isa = PBXNativeTarget;
			buildConfigurationList = 1902A6D12C8B20B900C4BA90 /* Build configuration list for PBXNativeTarget "MobilyTests" */;
			buildPhases = (
				1902A6B62C8B20B900C4BA90 /* Sources */,
				1902A6B72C8B20B900C4BA90 /* Frameworks */,
				1902A6B82C8B20B900C4BA90 /* Resources */,
			);
			buildRules = (
			);
			dependencies = (
				1902A6BC2C8B20B900C4BA90 /* PBXTargetDependency */,
			);
			name = MobilyTests;
			productName = MobilyTests;
			productReference = 1902A6BA2C8B20B900C4BA90 /* MobilyTests.xctest */;
			productType = "com.apple.product-type.bundle.unit-test";
		};
		1902A6C32C8B20B900C4BA90 /* MobilyUITests */ = {
			isa = PBXNativeTarget;
			buildConfigurationList = 1902A6D42C8B20B900C4BA90 /* Build configuration list for PBXNativeTarget "MobilyUITests" */;
			buildPhases = (
				1902A6C02C8B20B900C4BA90 /* Sources */,
				1902A6C12C8B20B900C4BA90 /* Frameworks */,
				1902A6C22C8B20B900C4BA90 /* Resources */,
			);
			buildRules = (
			);
			dependencies = (
				1902A6C62C8B20B900C4BA90 /* PBXTargetDependency */,
			);
			name = MobilyUITests;
			productName = MobilyUITests;
			productReference = 1902A6C42C8B20B900C4BA90 /* MobilyUITests.xctest */;
			productType = "com.apple.product-type.bundle.ui-testing";
		};
/* End PBXNativeTarget section */

/* Begin PBXProject section */
		1902A6A22C8B20B600C4BA90 /* Project object */ = {
			isa = PBXProject;
			attributes = {
				BuildIndependentTargetsInParallel = 1;
				LastSwiftUpdateCheck = 1530;
				LastUpgradeCheck = 1530;
				TargetAttributes = {
					1902A6A92C8B20B600C4BA90 = {
						CreatedOnToolsVersion = 15.3;
					};
					1902A6B92C8B20B900C4BA90 = {
						CreatedOnToolsVersion = 15.3;
						TestTargetID = 1902A6A92C8B20B600C4BA90;
					};
					1902A6C32C8B20B900C4BA90 = {
						CreatedOnToolsVersion = 15.3;
						TestTargetID = 1902A6A92C8B20B600C4BA90;
					};
				};
			};
			buildConfigurationList = 1902A6A52C8B20B600C4BA90 /* Build configuration list for PBXProject "Mobily" */;
			compatibilityVersion = "Xcode 14.0";
			developmentRegion = en;
			hasScannedForEncodings = 0;
			knownRegions = (
				en,
				Base,
			);
			mainGroup = 1902A6A12C8B20B600C4BA90;
			packageReferences = (
				0495C2F12C8EEFB2000967E5 /* XCRemoteSwiftPackageReference "Alamofire" */,
				0495C2F22C8EEFD3000967E5 /* XCRemoteSwiftPackageReference "GoogleSignIn-iOS" */,
				0495C2F32C8EF000000967E5 /* XCRemoteSwiftPackageReference "firebase-ios-sdk" */,
				0473B0DD2C916D46006A5129 /* XCRemoteSwiftPackageReference "google-api-objectivec-client-for-rest" */,
			);
			productRefGroup = 1902A6AB2C8B20B600C4BA90 /* Products */;
			projectDirPath = "";
			projectRoot = "";
			targets = (
				1902A6A92C8B20B600C4BA90 /* Mobily */,
				1902A6B92C8B20B900C4BA90 /* MobilyTests */,
				1902A6C32C8B20B900C4BA90 /* MobilyUITests */,
			);
		};
/* End PBXProject section */

/* Begin PBXResourcesBuildPhase section */
		1902A6A82C8B20B600C4BA90 /* Resources */ = {
			isa = PBXResourcesBuildPhase;
			buildActionMask = 2147483647;
			files = (
				1902A6E92C8B2F4800C4BA90 /* LamaSans-Bold.ttf in Resources */,
				1902A6EC2C8B2F4800C4BA90 /* LamaSans-Regular.ttf in Resources */,
				1902A6B52C8B20B800C4BA90 /* Preview Assets.xcassets in Resources */,
				1902A6EB2C8B2F4800C4BA90 /* LamaSans-Medium.ttf in Resources */,
				196A233A2C8CE2E600EE57A3 /* client_835428604547-4ai1b21v87uc88or1n783a6gjtlbvv3v.apps.googleusercontent.com.plist in Resources */,
				1902A6B22C8B20B800C4BA90 /* Assets.xcassets in Resources */,
				04CA394E2C8EDEB3004F865E /* GoogleService-Info.plist in Resources */,
			);
			runOnlyForDeploymentPostprocessing = 0;
		};
		1902A6B82C8B20B900C4BA90 /* Resources */ = {
			isa = PBXResourcesBuildPhase;
			buildActionMask = 2147483647;
			files = (
			);
			runOnlyForDeploymentPostprocessing = 0;
		};
		1902A6C22C8B20B900C4BA90 /* Resources */ = {
			isa = PBXResourcesBuildPhase;
			buildActionMask = 2147483647;
			files = (
			);
			runOnlyForDeploymentPostprocessing = 0;
		};
/* End PBXResourcesBuildPhase section */

/* Begin PBXSourcesBuildPhase section */
		1902A6A62C8B20B600C4BA90 /* Sources */ = {
			isa = PBXSourcesBuildPhase;
			buildActionMask = 2147483647;
			files = (
				1902A6B02C8B20B600C4BA90 /* ContentView.swift in Sources */,
				1902A6DE2C8B2AFF00C4BA90 /* ImagePicker.swift in Sources */,
				1902A6E22C8B2EB000C4BA90 /* Extentions.swift in Sources */,
				1902A6F02C8B351100C4BA90 /* Shape.swift in Sources */,
				1902A6DA2C8B21AB00C4BA90 /* BugSubmissionView.swift in Sources */,
				1902A6E02C8B2C6E00C4BA90 /* BugSubmissionViewModel.swift in Sources */,
				1902A6AE2C8B20B600C4BA90 /* MobilyApp.swift in Sources */,
			);
			runOnlyForDeploymentPostprocessing = 0;
		};
		1902A6B62C8B20B900C4BA90 /* Sources */ = {
			isa = PBXSourcesBuildPhase;
			buildActionMask = 2147483647;
			files = (
				1902A6BF2C8B20B900C4BA90 /* MobilyTests.swift in Sources */,
			);
			runOnlyForDeploymentPostprocessing = 0;
		};
		1902A6C02C8B20B900C4BA90 /* Sources */ = {
			isa = PBXSourcesBuildPhase;
			buildActionMask = 2147483647;
			files = (
				1902A6CB2C8B20B900C4BA90 /* MobilyUITestsLaunchTests.swift in Sources */,
				1902A6C92C8B20B900C4BA90 /* MobilyUITests.swift in Sources */,
			);
			runOnlyForDeploymentPostprocessing = 0;
		};
/* End PBXSourcesBuildPhase section */

/* Begin PBXTargetDependency section */
		1902A6BC2C8B20B900C4BA90 /* PBXTargetDependency */ = {
			isa = PBXTargetDependency;
			target = 1902A6A92C8B20B600C4BA90 /* Mobily */;
			targetProxy = 1902A6BB2C8B20B900C4BA90 /* PBXContainerItemProxy */;
		};
		1902A6C62C8B20B900C4BA90 /* PBXTargetDependency */ = {
			isa = PBXTargetDependency;
			target = 1902A6A92C8B20B600C4BA90 /* Mobily */;
			targetProxy = 1902A6C52C8B20B900C4BA90 /* PBXContainerItemProxy */;
		};
/* End PBXTargetDependency section */

/* Begin XCBuildConfiguration section */
		1902A6CC2C8B20B900C4BA90 /* Debug */ = {
			isa = XCBuildConfiguration;
			buildSettings = {
				ALWAYS_SEARCH_USER_PATHS = NO;
				ASSETCATALOG_COMPILER_GENERATE_SWIFT_ASSET_SYMBOL_EXTENSIONS = YES;
				CLANG_ANALYZER_NONNULL = YES;
				CLANG_ANALYZER_NUMBER_OBJECT_CONVERSION = YES_AGGRESSIVE;
				CLANG_CXX_LANGUAGE_STANDARD = "gnu++20";
				CLANG_ENABLE_MODULES = YES;
				CLANG_ENABLE_OBJC_ARC = YES;
				CLANG_ENABLE_OBJC_WEAK = YES;
				CLANG_WARN_BLOCK_CAPTURE_AUTORELEASING = YES;
				CLANG_WARN_BOOL_CONVERSION = YES;
				CLANG_WARN_COMMA = YES;
				CLANG_WARN_CONSTANT_CONVERSION = YES;
				CLANG_WARN_DEPRECATED_OBJC_IMPLEMENTATIONS = YES;
				CLANG_WARN_DIRECT_OBJC_ISA_USAGE = YES_ERROR;
				CLANG_WARN_DOCUMENTATION_COMMENTS = YES;
				CLANG_WARN_EMPTY_BODY = YES;
				CLANG_WARN_ENUM_CONVERSION = YES;
				CLANG_WARN_INFINITE_RECURSION = YES;
				CLANG_WARN_INT_CONVERSION = YES;
				CLANG_WARN_NON_LITERAL_NULL_CONVERSION = YES;
				CLANG_WARN_OBJC_IMPLICIT_RETAIN_SELF = YES;
				CLANG_WARN_OBJC_LITERAL_CONVERSION = YES;
				CLANG_WARN_OBJC_ROOT_CLASS = YES_ERROR;
				CLANG_WARN_QUOTED_INCLUDE_IN_FRAMEWORK_HEADER = YES;
				CLANG_WARN_RANGE_LOOP_ANALYSIS = YES;
				CLANG_WARN_STRICT_PROTOTYPES = YES;
				CLANG_WARN_SUSPICIOUS_MOVE = YES;
				CLANG_WARN_UNGUARDED_AVAILABILITY = YES_AGGRESSIVE;
				CLANG_WARN_UNREACHABLE_CODE = YES;
				CLANG_WARN__DUPLICATE_METHOD_MATCH = YES;
				COPY_PHASE_STRIP = NO;
				DEBUG_INFORMATION_FORMAT = dwarf;
				ENABLE_STRICT_OBJC_MSGSEND = YES;
				ENABLE_TESTABILITY = YES;
				ENABLE_USER_SCRIPT_SANDBOXING = YES;
				GCC_C_LANGUAGE_STANDARD = gnu17;
				GCC_DYNAMIC_NO_PIC = NO;
				GCC_NO_COMMON_BLOCKS = YES;
				GCC_OPTIMIZATION_LEVEL = 0;
				GCC_PREPROCESSOR_DEFINITIONS = (
					"DEBUG=1",
					"$(inherited)",
				);
				GCC_WARN_64_TO_32_BIT_CONVERSION = YES;
				GCC_WARN_ABOUT_RETURN_TYPE = YES_ERROR;
				GCC_WARN_UNDECLARED_SELECTOR = YES;
				GCC_WARN_UNINITIALIZED_AUTOS = YES_AGGRESSIVE;
				GCC_WARN_UNUSED_FUNCTION = YES;
				GCC_WARN_UNUSED_VARIABLE = YES;
				IPHONEOS_DEPLOYMENT_TARGET = 17.4;
				LOCALIZATION_PREFERS_STRING_CATALOGS = YES;
				MTL_ENABLE_DEBUG_INFO = INCLUDE_SOURCE;
				MTL_FAST_MATH = YES;
				ONLY_ACTIVE_ARCH = YES;
				SDKROOT = iphoneos;
				SWIFT_ACTIVE_COMPILATION_CONDITIONS = "DEBUG $(inherited)";
				SWIFT_OPTIMIZATION_LEVEL = "-Onone";
			};
			name = Debug;
		};
		1902A6CD2C8B20B900C4BA90 /* Release */ = {
			isa = XCBuildConfiguration;
			buildSettings = {
				ALWAYS_SEARCH_USER_PATHS = NO;
				ASSETCATALOG_COMPILER_GENERATE_SWIFT_ASSET_SYMBOL_EXTENSIONS = YES;
				CLANG_ANALYZER_NONNULL = YES;
				CLANG_ANALYZER_NUMBER_OBJECT_CONVERSION = YES_AGGRESSIVE;
				CLANG_CXX_LANGUAGE_STANDARD = "gnu++20";
				CLANG_ENABLE_MODULES = YES;
				CLANG_ENABLE_OBJC_ARC = YES;
				CLANG_ENABLE_OBJC_WEAK = YES;
				CLANG_WARN_BLOCK_CAPTURE_AUTORELEASING = YES;
				CLANG_WARN_BOOL_CONVERSION = YES;
				CLANG_WARN_COMMA = YES;
				CLANG_WARN_CONSTANT_CONVERSION = YES;
				CLANG_WARN_DEPRECATED_OBJC_IMPLEMENTATIONS = YES;
				CLANG_WARN_DIRECT_OBJC_ISA_USAGE = YES_ERROR;
				CLANG_WARN_DOCUMENTATION_COMMENTS = YES;
				CLANG_WARN_EMPTY_BODY = YES;
				CLANG_WARN_ENUM_CONVERSION = YES;
				CLANG_WARN_INFINITE_RECURSION = YES;
				CLANG_WARN_INT_CONVERSION = YES;
				CLANG_WARN_NON_LITERAL_NULL_CONVERSION = YES;
				CLANG_WARN_OBJC_IMPLICIT_RETAIN_SELF = YES;
				CLANG_WARN_OBJC_LITERAL_CONVERSION = YES;
				CLANG_WARN_OBJC_ROOT_CLASS = YES_ERROR;
				CLANG_WARN_QUOTED_INCLUDE_IN_FRAMEWORK_HEADER = YES;
				CLANG_WARN_RANGE_LOOP_ANALYSIS = YES;
				CLANG_WARN_STRICT_PROTOTYPES = YES;
				CLANG_WARN_SUSPICIOUS_MOVE = YES;
				CLANG_WARN_UNGUARDED_AVAILABILITY = YES_AGGRESSIVE;
				CLANG_WARN_UNREACHABLE_CODE = YES;
				CLANG_WARN__DUPLICATE_METHOD_MATCH = YES;
				COPY_PHASE_STRIP = NO;
				DEBUG_INFORMATION_FORMAT = "dwarf-with-dsym";
				ENABLE_NS_ASSERTIONS = NO;
				ENABLE_STRICT_OBJC_MSGSEND = YES;
				ENABLE_USER_SCRIPT_SANDBOXING = YES;
				GCC_C_LANGUAGE_STANDARD = gnu17;
				GCC_NO_COMMON_BLOCKS = YES;
				GCC_WARN_64_TO_32_BIT_CONVERSION = YES;
				GCC_WARN_ABOUT_RETURN_TYPE = YES_ERROR;
				GCC_WARN_UNDECLARED_SELECTOR = YES;
				GCC_WARN_UNINITIALIZED_AUTOS = YES_AGGRESSIVE;
				GCC_WARN_UNUSED_FUNCTION = YES;
				GCC_WARN_UNUSED_VARIABLE = YES;
				IPHONEOS_DEPLOYMENT_TARGET = 17.4;
				LOCALIZATION_PREFERS_STRING_CATALOGS = YES;
				MTL_ENABLE_DEBUG_INFO = NO;
				MTL_FAST_MATH = YES;
				SDKROOT = iphoneos;
				SWIFT_COMPILATION_MODE = wholemodule;
				VALIDATE_PRODUCT = YES;
			};
			name = Release;
		};
		1902A6CF2C8B20B900C4BA90 /* Debug */ = {
			isa = XCBuildConfiguration;
			buildSettings = {
				ASSETCATALOG_COMPILER_APPICON_NAME = AppIcon;
				ASSETCATALOG_COMPILER_GLOBAL_ACCENT_COLOR_NAME = AccentColor;
				CODE_SIGN_STYLE = Automatic;
				CURRENT_PROJECT_VERSION = 1;
				DEVELOPMENT_ASSET_PATHS = "\"Mobily/Preview Content\"";
				DEVELOPMENT_TEAM = 292H8RC5DT;
				ENABLE_PREVIEWS = YES;
				GENERATE_INFOPLIST_FILE = YES;
				INFOPLIST_FILE = Mobily/Info.plist;
				INFOPLIST_KEY_CFBundleDisplayName = Mobily;
				INFOPLIST_KEY_UIApplicationSceneManifest_Generation = YES;
				INFOPLIST_KEY_UIApplicationSupportsIndirectInputEvents = YES;
				INFOPLIST_KEY_UILaunchScreen_Generation = YES;
				INFOPLIST_KEY_UISupportedInterfaceOrientations_iPad = "UIInterfaceOrientationPortrait UIInterfaceOrientationPortraitUpsideDown UIInterfaceOrientationLandscapeLeft UIInterfaceOrientationLandscapeRight";
				INFOPLIST_KEY_UISupportedInterfaceOrientations_iPhone = "UIInterfaceOrientationPortrait UIInterfaceOrientationLandscapeLeft UIInterfaceOrientationLandscapeRight";
				IPHONEOS_DEPLOYMENT_TARGET = 15.0;
				LD_RUNPATH_SEARCH_PATHS = (
					"$(inherited)",
					"@executable_path/Frameworks",
				);
				MARKETING_VERSION = 1.0;
				PRODUCT_BUNDLE_IDENTIFIER = com.mobily.Mobily;
				PRODUCT_NAME = "$(TARGET_NAME)";
				SUPPORTED_PLATFORMS = "iphoneos iphonesimulator";
				SUPPORTS_MACCATALYST = NO;
				SUPPORTS_MAC_DESIGNED_FOR_IPHONE_IPAD = NO;
				SUPPORTS_XR_DESIGNED_FOR_IPHONE_IPAD = NO;
				SWIFT_EMIT_LOC_STRINGS = YES;
				SWIFT_VERSION = 5.0;
				TARGETED_DEVICE_FAMILY = "1,2";
			};
			name = Debug;
		};
		1902A6D02C8B20B900C4BA90 /* Release */ = {
			isa = XCBuildConfiguration;
			buildSettings = {
				ASSETCATALOG_COMPILER_APPICON_NAME = AppIcon;
				ASSETCATALOG_COMPILER_GLOBAL_ACCENT_COLOR_NAME = AccentColor;
				CODE_SIGN_STYLE = Automatic;
				CURRENT_PROJECT_VERSION = 1;
				DEVELOPMENT_ASSET_PATHS = "\"Mobily/Preview Content\"";
				DEVELOPMENT_TEAM = 292H8RC5DT;
				ENABLE_PREVIEWS = YES;
				GENERATE_INFOPLIST_FILE = YES;
				INFOPLIST_FILE = Mobily/Info.plist;
				INFOPLIST_KEY_CFBundleDisplayName = Mobily;
				INFOPLIST_KEY_UIApplicationSceneManifest_Generation = YES;
				INFOPLIST_KEY_UIApplicationSupportsIndirectInputEvents = YES;
				INFOPLIST_KEY_UILaunchScreen_Generation = YES;
				INFOPLIST_KEY_UISupportedInterfaceOrientations_iPad = "UIInterfaceOrientationPortrait UIInterfaceOrientationPortraitUpsideDown UIInterfaceOrientationLandscapeLeft UIInterfaceOrientationLandscapeRight";
				INFOPLIST_KEY_UISupportedInterfaceOrientations_iPhone = "UIInterfaceOrientationPortrait UIInterfaceOrientationLandscapeLeft UIInterfaceOrientationLandscapeRight";
				IPHONEOS_DEPLOYMENT_TARGET = 15.0;
				LD_RUNPATH_SEARCH_PATHS = (
					"$(inherited)",
					"@executable_path/Frameworks",
				);
				MARKETING_VERSION = 1.0;
				PRODUCT_BUNDLE_IDENTIFIER = com.mobily.Mobily;
				PRODUCT_NAME = "$(TARGET_NAME)";
				SUPPORTED_PLATFORMS = "iphoneos iphonesimulator";
				SUPPORTS_MACCATALYST = NO;
				SUPPORTS_MAC_DESIGNED_FOR_IPHONE_IPAD = NO;
				SUPPORTS_XR_DESIGNED_FOR_IPHONE_IPAD = NO;
				SWIFT_EMIT_LOC_STRINGS = YES;
				SWIFT_VERSION = 5.0;
				TARGETED_DEVICE_FAMILY = "1,2";
			};
			name = Release;
		};
		1902A6D22C8B20B900C4BA90 /* Debug */ = {
			isa = XCBuildConfiguration;
			buildSettings = {
				ALWAYS_EMBED_SWIFT_STANDARD_LIBRARIES = YES;
				BUNDLE_LOADER = "$(TEST_HOST)";
				CODE_SIGN_STYLE = Automatic;
				CURRENT_PROJECT_VERSION = 1;
				GENERATE_INFOPLIST_FILE = YES;
				IPHONEOS_DEPLOYMENT_TARGET = 17.4;
				MARKETING_VERSION = 1.0;
				PRODUCT_BUNDLE_IDENTIFIER = com.mobily.MobilyTests;
				PRODUCT_NAME = "$(TARGET_NAME)";
				SWIFT_EMIT_LOC_STRINGS = NO;
				SWIFT_VERSION = 5.0;
				TARGETED_DEVICE_FAMILY = "1,2";
				TEST_HOST = "$(BUILT_PRODUCTS_DIR)/Mobily.app/$(BUNDLE_EXECUTABLE_FOLDER_PATH)/Mobily";
			};
			name = Debug;
		};
		1902A6D32C8B20B900C4BA90 /* Release */ = {
			isa = XCBuildConfiguration;
			buildSettings = {
				ALWAYS_EMBED_SWIFT_STANDARD_LIBRARIES = YES;
				BUNDLE_LOADER = "$(TEST_HOST)";
				CODE_SIGN_STYLE = Automatic;
				CURRENT_PROJECT_VERSION = 1;
				GENERATE_INFOPLIST_FILE = YES;
				IPHONEOS_DEPLOYMENT_TARGET = 17.4;
				MARKETING_VERSION = 1.0;
				PRODUCT_BUNDLE_IDENTIFIER = com.mobily.MobilyTests;
				PRODUCT_NAME = "$(TARGET_NAME)";
				SWIFT_EMIT_LOC_STRINGS = NO;
				SWIFT_VERSION = 5.0;
				TARGETED_DEVICE_FAMILY = "1,2";
				TEST_HOST = "$(BUILT_PRODUCTS_DIR)/Mobily.app/$(BUNDLE_EXECUTABLE_FOLDER_PATH)/Mobily";
			};
			name = Release;
		};
		1902A6D52C8B20B900C4BA90 /* Debug */ = {
			isa = XCBuildConfiguration;
			buildSettings = {
				ALWAYS_EMBED_SWIFT_STANDARD_LIBRARIES = YES;
				CODE_SIGN_STYLE = Automatic;
				CURRENT_PROJECT_VERSION = 1;
				GENERATE_INFOPLIST_FILE = YES;
				MARKETING_VERSION = 1.0;
				PRODUCT_BUNDLE_IDENTIFIER = com.mobily.MobilyUITests;
				PRODUCT_NAME = "$(TARGET_NAME)";
				SWIFT_EMIT_LOC_STRINGS = NO;
				SWIFT_VERSION = 5.0;
				TARGETED_DEVICE_FAMILY = "1,2";
				TEST_TARGET_NAME = Mobily;
			};
			name = Debug;
		};
		1902A6D62C8B20B900C4BA90 /* Release */ = {
			isa = XCBuildConfiguration;
			buildSettings = {
				ALWAYS_EMBED_SWIFT_STANDARD_LIBRARIES = YES;
				CODE_SIGN_STYLE = Automatic;
				CURRENT_PROJECT_VERSION = 1;
				GENERATE_INFOPLIST_FILE = YES;
				MARKETING_VERSION = 1.0;
				PRODUCT_BUNDLE_IDENTIFIER = com.mobily.MobilyUITests;
				PRODUCT_NAME = "$(TARGET_NAME)";
				SWIFT_EMIT_LOC_STRINGS = NO;
				SWIFT_VERSION = 5.0;
				TARGETED_DEVICE_FAMILY = "1,2";
				TEST_TARGET_NAME = Mobily;
			};
			name = Release;
		};
/* End XCBuildConfiguration section */

/* Begin XCConfigurationList section */
		1902A6A52C8B20B600C4BA90 /* Build configuration list for PBXProject "Mobily" */ = {
			isa = XCConfigurationList;
			buildConfigurations = (
				1902A6CC2C8B20B900C4BA90 /* Debug */,
				1902A6CD2C8B20B900C4BA90 /* Release */,
			);
			defaultConfigurationIsVisible = 0;
			defaultConfigurationName = Release;
		};
		1902A6CE2C8B20B900C4BA90 /* Build configuration list for PBXNativeTarget "Mobily" */ = {
			isa = XCConfigurationList;
			buildConfigurations = (
				1902A6CF2C8B20B900C4BA90 /* Debug */,
				1902A6D02C8B20B900C4BA90 /* Release */,
			);
			defaultConfigurationIsVisible = 0;
			defaultConfigurationName = Release;
		};
		1902A6D12C8B20B900C4BA90 /* Build configuration list for PBXNativeTarget "MobilyTests" */ = {
			isa = XCConfigurationList;
			buildConfigurations = (
				1902A6D22C8B20B900C4BA90 /* Debug */,
				1902A6D32C8B20B900C4BA90 /* Release */,
			);
			defaultConfigurationIsVisible = 0;
			defaultConfigurationName = Release;
		};
		1902A6D42C8B20B900C4BA90 /* Build configuration list for PBXNativeTarget "MobilyUITests" */ = {
			isa = XCConfigurationList;
			buildConfigurations = (
				1902A6D52C8B20B900C4BA90 /* Debug */,
				1902A6D62C8B20B900C4BA90 /* Release */,
			);
			defaultConfigurationIsVisible = 0;
			defaultConfigurationName = Release;
		};
/* End XCConfigurationList section */

/* Begin XCRemoteSwiftPackageReference section */
		0473B0DD2C916D46006A5129 /* XCRemoteSwiftPackageReference "google-api-objectivec-client-for-rest" */ = {
			isa = XCRemoteSwiftPackageReference;
			repositoryURL = "https://github.com/google/google-api-objectivec-client-for-rest";
			requirement = {
				branch = main;
				kind = branch;
			};
		};
		0495C2F12C8EEFB2000967E5 /* XCRemoteSwiftPackageReference "Alamofire" */ = {
			isa = XCRemoteSwiftPackageReference;
			repositoryURL = "https://github.com/Alamofire/Alamofire";
			requirement = {
				kind = upToNextMajorVersion;
				minimumVersion = 5.9.1;
			};
		};
		0495C2F22C8EEFD3000967E5 /* XCRemoteSwiftPackageReference "GoogleSignIn-iOS" */ = {
			isa = XCRemoteSwiftPackageReference;
			repositoryURL = "https://github.com/google/GoogleSignIn-iOS";
			requirement = {
				kind = upToNextMajorVersion;
				minimumVersion = 8.0.0;
			};
		};
		0495C2F32C8EF000000967E5 /* XCRemoteSwiftPackageReference "firebase-ios-sdk" */ = {
			isa = XCRemoteSwiftPackageReference;
			repositoryURL = "https://github.com/firebase/firebase-ios-sdk.git";
			requirement = {
				kind = upToNextMajorVersion;
				minimumVersion = 11.1.0;
			};
		};
/* End XCRemoteSwiftPackageReference section */

/* Begin XCSwiftPackageProductDependency section */
		045039CF2C8F24260021726A /* GoogleSignInSwift */ = {
			isa = XCSwiftPackageProductDependency;
			package = 0495C2F22C8EEFD3000967E5 /* XCRemoteSwiftPackageReference "GoogleSignIn-iOS" */;
			productName = GoogleSignInSwift;
		};
		0495C2F42C8EF00F000967E5 /* Alamofire */ = {
			isa = XCSwiftPackageProductDependency;
			package = 0495C2F12C8EEFB2000967E5 /* XCRemoteSwiftPackageReference "Alamofire" */;
			productName = Alamofire;
		};
		0495C2F62C8EF01D000967E5 /* GoogleSignIn */ = {
			isa = XCSwiftPackageProductDependency;
			package = 0495C2F22C8EEFD3000967E5 /* XCRemoteSwiftPackageReference "GoogleSignIn-iOS" */;
			productName = GoogleSignIn;
		};
		0495C2F82C8EF024000967E5 /* FirebaseAuth */ = {
			isa = XCSwiftPackageProductDependency;
			package = 0495C2F32C8EF000000967E5 /* XCRemoteSwiftPackageReference "firebase-ios-sdk" */;
			productName = FirebaseAuth;
		};
		0495C2FA2C8EF032000967E5 /* FirebaseStorage */ = {
			isa = XCSwiftPackageProductDependency;
			package = 0495C2F32C8EF000000967E5 /* XCRemoteSwiftPackageReference "firebase-ios-sdk" */;
			productName = FirebaseStorage;
		};
/* End XCSwiftPackageProductDependency section */
	};
	rootObject = 1902A6A22C8B20B600C4BA90 /* Project object */;
}
